// !$*UTF8*$!
{
	archiveVersion = 1;
	classes = {
	};
	objectVersion = 56;
	objects = {

/* Begin PBXBuildFile section */
		781014192B9C2999002466B3 /* TodoItemsApp.swift in Sources */ = {isa = PBXBuildFile; fileRef = 781014182B9C2999002466B3 /* TodoItemsApp.swift */; };
		7810141D2B9C299C002466B3 /* Assets.xcassets in Resources */ = {isa = PBXBuildFile; fileRef = 7810141C2B9C299C002466B3 /* Assets.xcassets */; };
		781014202B9C299C002466B3 /* Preview Assets.xcassets in Resources */ = {isa = PBXBuildFile; fileRef = 7810141F2B9C299C002466B3 /* Preview Assets.xcassets */; };
		7810142A2B9C299C002466B3 /* TodoItemsTests.swift in Sources */ = {isa = PBXBuildFile; fileRef = 781014292B9C299C002466B3 /* TodoItemsTests.swift */; };
		781014342B9C299C002466B3 /* TodoItemsUITests.swift in Sources */ = {isa = PBXBuildFile; fileRef = 781014332B9C299C002466B3 /* TodoItemsUITests.swift */; };
		781014362B9C299C002466B3 /* TodoItemsUITestsLaunchTests.swift in Sources */ = {isa = PBXBuildFile; fileRef = 781014352B9C299C002466B3 /* TodoItemsUITestsLaunchTests.swift */; };
		781014452B9C2AF0002466B3 /* TodoItemsView.swift in Sources */ = {isa = PBXBuildFile; fileRef = 781014442B9C2AF0002466B3 /* TodoItemsView.swift */; };
		7810144A2B9C3465002466B3 /* EditingItemView.swift in Sources */ = {isa = PBXBuildFile; fileRef = 781014492B9C3465002466B3 /* EditingItemView.swift */; };
		7810144E2B9C3A8A002466B3 /* TodoItem.swift in Sources */ = {isa = PBXBuildFile; fileRef = 7810144D2B9C3A8A002466B3 /* TodoItem.swift */; };
		785F3B9D2B9CF2EF0017F747 /* ButtonStyles.swift in Sources */ = {isa = PBXBuildFile; fileRef = 785F3B9C2B9CF2EF0017F747 /* ButtonStyles.swift */; };
		785F3B9F2B9CFC8A0017F747 /* TextFieldWithLabel.swift in Sources */ = {isa = PBXBuildFile; fileRef = 785F3B9E2B9CFC8A0017F747 /* TextFieldWithLabel.swift */; };
		785F3BA12B9CFEE70017F747 /* DatePickerStyles.swift in Sources */ = {isa = PBXBuildFile; fileRef = 785F3BA02B9CFEE70017F747 /* DatePickerStyles.swift */; };
		785F3BA32B9D2F1E0017F747 /* NewItemSheetView.swift in Sources */ = {isa = PBXBuildFile; fileRef = 785F3BA22B9D2F1E0017F747 /* NewItemSheetView.swift */; };
		785F3BA52B9D34640017F747 /* AddEditItemView.swift in Sources */ = {isa = PBXBuildFile; fileRef = 785F3BA42B9D34640017F747 /* AddEditItemView.swift */; };
		785F3BA72B9D37470017F747 /* CheckboxStyles.swift in Sources */ = {isa = PBXBuildFile; fileRef = 785F3BA62B9D37470017F747 /* CheckboxStyles.swift */; };
/* End PBXBuildFile section */

/* Begin PBXContainerItemProxy section */
		781014262B9C299C002466B3 /* PBXContainerItemProxy */ = {
			isa = PBXContainerItemProxy;
			containerPortal = 7810140D2B9C2999002466B3 /* Project object */;
			proxyType = 1;
			remoteGlobalIDString = 781014142B9C2999002466B3;
			remoteInfo = TodoItems;
		};
		781014302B9C299C002466B3 /* PBXContainerItemProxy */ = {
			isa = PBXContainerItemProxy;
			containerPortal = 7810140D2B9C2999002466B3 /* Project object */;
			proxyType = 1;
			remoteGlobalIDString = 781014142B9C2999002466B3;
			remoteInfo = TodoItems;
		};
/* End PBXContainerItemProxy section */

/* Begin PBXFileReference section */
		781014152B9C2999002466B3 /* TodoItems.app */ = {isa = PBXFileReference; explicitFileType = wrapper.application; includeInIndex = 0; path = TodoItems.app; sourceTree = BUILT_PRODUCTS_DIR; };
		781014182B9C2999002466B3 /* TodoItemsApp.swift */ = {isa = PBXFileReference; lastKnownFileType = sourcecode.swift; path = TodoItemsApp.swift; sourceTree = "<group>"; };
		7810141C2B9C299C002466B3 /* Assets.xcassets */ = {isa = PBXFileReference; lastKnownFileType = folder.assetcatalog; path = Assets.xcassets; sourceTree = "<group>"; };
		7810141F2B9C299C002466B3 /* Preview Assets.xcassets */ = {isa = PBXFileReference; lastKnownFileType = folder.assetcatalog; path = "Preview Assets.xcassets"; sourceTree = "<group>"; };
		781014252B9C299C002466B3 /* TodoItemsTests.xctest */ = {isa = PBXFileReference; explicitFileType = wrapper.cfbundle; includeInIndex = 0; path = TodoItemsTests.xctest; sourceTree = BUILT_PRODUCTS_DIR; };
		781014292B9C299C002466B3 /* TodoItemsTests.swift */ = {isa = PBXFileReference; lastKnownFileType = sourcecode.swift; path = TodoItemsTests.swift; sourceTree = "<group>"; };
		7810142F2B9C299C002466B3 /* TodoItemsUITests.xctest */ = {isa = PBXFileReference; explicitFileType = wrapper.cfbundle; includeInIndex = 0; path = TodoItemsUITests.xctest; sourceTree = BUILT_PRODUCTS_DIR; };
		781014332B9C299C002466B3 /* TodoItemsUITests.swift */ = {isa = PBXFileReference; lastKnownFileType = sourcecode.swift; path = TodoItemsUITests.swift; sourceTree = "<group>"; };
		781014352B9C299C002466B3 /* TodoItemsUITestsLaunchTests.swift */ = {isa = PBXFileReference; lastKnownFileType = sourcecode.swift; path = TodoItemsUITestsLaunchTests.swift; sourceTree = "<group>"; };
		781014442B9C2AF0002466B3 /* TodoItemsView.swift */ = {isa = PBXFileReference; lastKnownFileType = sourcecode.swift; path = TodoItemsView.swift; sourceTree = "<group>"; };
		781014492B9C3465002466B3 /* EditingItemView.swift */ = {isa = PBXFileReference; lastKnownFileType = sourcecode.swift; path = EditingItemView.swift; sourceTree = "<group>"; };
		7810144D2B9C3A8A002466B3 /* TodoItem.swift */ = {isa = PBXFileReference; lastKnownFileType = sourcecode.swift; path = TodoItem.swift; sourceTree = "<group>"; };
		785F3B9C2B9CF2EF0017F747 /* ButtonStyles.swift */ = {isa = PBXFileReference; lastKnownFileType = sourcecode.swift; path = ButtonStyles.swift; sourceTree = "<group>"; };
		785F3B9E2B9CFC8A0017F747 /* TextFieldWithLabel.swift */ = {isa = PBXFileReference; lastKnownFileType = sourcecode.swift; path = TextFieldWithLabel.swift; sourceTree = "<group>"; };
		785F3BA02B9CFEE70017F747 /* DatePickerStyles.swift */ = {isa = PBXFileReference; lastKnownFileType = sourcecode.swift; path = DatePickerStyles.swift; sourceTree = "<group>"; };
		785F3BA22B9D2F1E0017F747 /* NewItemSheetView.swift */ = {isa = PBXFileReference; lastKnownFileType = sourcecode.swift; path = NewItemSheetView.swift; sourceTree = "<group>"; };
		785F3BA42B9D34640017F747 /* AddEditItemView.swift */ = {isa = PBXFileReference; lastKnownFileType = sourcecode.swift; path = AddEditItemView.swift; sourceTree = "<group>"; };
		785F3BA62B9D37470017F747 /* CheckboxStyles.swift */ = {isa = PBXFileReference; lastKnownFileType = sourcecode.swift; path = CheckboxStyles.swift; sourceTree = "<group>"; };
/* End PBXFileReference section */

/* Begin PBXFrameworksBuildPhase section */
		781014122B9C2999002466B3 /* Frameworks */ = {
			isa = PBXFrameworksBuildPhase;
			buildActionMask = 2147483647;
			files = (
			);
			runOnlyForDeploymentPostprocessing = 0;
		};
		781014222B9C299C002466B3 /* Frameworks */ = {
			isa = PBXFrameworksBuildPhase;
			buildActionMask = 2147483647;
			files = (
			);
			runOnlyForDeploymentPostprocessing = 0;
		};
		7810142C2B9C299C002466B3 /* Frameworks */ = {
			isa = PBXFrameworksBuildPhase;
			buildActionMask = 2147483647;
			files = (
			);
			runOnlyForDeploymentPostprocessing = 0;
		};
/* End PBXFrameworksBuildPhase section */

/* Begin PBXGroup section */
		7810140C2B9C2999002466B3 = {
			isa = PBXGroup;
			children = (
				781014172B9C2999002466B3 /* TodoItems */,
				781014282B9C299C002466B3 /* TodoItemsTests */,
				781014322B9C299C002466B3 /* TodoItemsUITests */,
				781014162B9C2999002466B3 /* Products */,
			);
			sourceTree = "<group>";
		};
		781014162B9C2999002466B3 /* Products */ = {
			isa = PBXGroup;
			children = (
				781014152B9C2999002466B3 /* TodoItems.app */,
				781014252B9C299C002466B3 /* TodoItemsTests.xctest */,
				7810142F2B9C299C002466B3 /* TodoItemsUITests.xctest */,
			);
			name = Products;
			sourceTree = "<group>";
		};
		781014172B9C2999002466B3 /* TodoItems */ = {
			isa = PBXGroup;
			children = (
				781014462B9C2D82002466B3 /* Models */,
				781014432B9C2A7B002466B3 /* Styles */,
				781014422B9C2A6F002466B3 /* Views */,
				781014182B9C2999002466B3 /* TodoItemsApp.swift */,
				7810141C2B9C299C002466B3 /* Assets.xcassets */,
				7810141E2B9C299C002466B3 /* Preview Content */,
			);
			path = TodoItems;
			sourceTree = "<group>";
		};
		7810141E2B9C299C002466B3 /* Preview Content */ = {
			isa = PBXGroup;
			children = (
				7810141F2B9C299C002466B3 /* Preview Assets.xcassets */,
			);
			path = "Preview Content";
			sourceTree = "<group>";
		};
		781014282B9C299C002466B3 /* TodoItemsTests */ = {
			isa = PBXGroup;
			children = (
				781014292B9C299C002466B3 /* TodoItemsTests.swift */,
			);
			path = TodoItemsTests;
			sourceTree = "<group>";
		};
		781014322B9C299C002466B3 /* TodoItemsUITests */ = {
			isa = PBXGroup;
			children = (
				781014332B9C299C002466B3 /* TodoItemsUITests.swift */,
				781014352B9C299C002466B3 /* TodoItemsUITestsLaunchTests.swift */,
			);
			path = TodoItemsUITests;
			sourceTree = "<group>";
		};
		781014422B9C2A6F002466B3 /* Views */ = {
			isa = PBXGroup;
			children = (
				781014442B9C2AF0002466B3 /* TodoItemsView.swift */,
				781014492B9C3465002466B3 /* EditingItemView.swift */,
				785F3BA22B9D2F1E0017F747 /* NewItemSheetView.swift */,
				785F3BA42B9D34640017F747 /* AddEditItemView.swift */,
			);
			path = Views;
			sourceTree = "<group>";
		};
		781014432B9C2A7B002466B3 /* Styles */ = {
			isa = PBXGroup;
			children = (
				785F3B9C2B9CF2EF0017F747 /* ButtonStyles.swift */,
				785F3B9E2B9CFC8A0017F747 /* TextFieldWithLabel.swift */,
				785F3BA02B9CFEE70017F747 /* DatePickerStyles.swift */,
				785F3BA62B9D37470017F747 /* CheckboxStyles.swift */,
			);
			path = Styles;
			sourceTree = "<group>";
		};
		781014462B9C2D82002466B3 /* Models */ = {
			isa = PBXGroup;
			children = (
				7810144D2B9C3A8A002466B3 /* TodoItem.swift */,
			);
			path = Models;
			sourceTree = "<group>";
		};
/* End PBXGroup section */

/* Begin PBXNativeTarget section */
		781014142B9C2999002466B3 /* TodoItems */ = {
			isa = PBXNativeTarget;
			buildConfigurationList = 781014392B9C299C002466B3 /* Build configuration list for PBXNativeTarget "TodoItems" */;
			buildPhases = (
				781014112B9C2999002466B3 /* Sources */,
				781014122B9C2999002466B3 /* Frameworks */,
				781014132B9C2999002466B3 /* Resources */,
			);
			buildRules = (
			);
			dependencies = (
			);
			name = TodoItems;
			productName = TodoItems;
			productReference = 781014152B9C2999002466B3 /* TodoItems.app */;
			productType = "com.apple.product-type.application";
		};
		781014242B9C299C002466B3 /* TodoItemsTests */ = {
			isa = PBXNativeTarget;
			buildConfigurationList = 7810143C2B9C299C002466B3 /* Build configuration list for PBXNativeTarget "TodoItemsTests" */;
			buildPhases = (
				781014212B9C299C002466B3 /* Sources */,
				781014222B9C299C002466B3 /* Frameworks */,
				781014232B9C299C002466B3 /* Resources */,
			);
			buildRules = (
			);
			dependencies = (
				781014272B9C299C002466B3 /* PBXTargetDependency */,
			);
			name = TodoItemsTests;
			productName = TodoItemsTests;
			productReference = 781014252B9C299C002466B3 /* TodoItemsTests.xctest */;
			productType = "com.apple.product-type.bundle.unit-test";
		};
		7810142E2B9C299C002466B3 /* TodoItemsUITests */ = {
			isa = PBXNativeTarget;
			buildConfigurationList = 7810143F2B9C299C002466B3 /* Build configuration list for PBXNativeTarget "TodoItemsUITests" */;
			buildPhases = (
				7810142B2B9C299C002466B3 /* Sources */,
				7810142C2B9C299C002466B3 /* Frameworks */,
				7810142D2B9C299C002466B3 /* Resources */,
			);
			buildRules = (
			);
			dependencies = (
				781014312B9C299C002466B3 /* PBXTargetDependency */,
			);
			name = TodoItemsUITests;
			productName = TodoItemsUITests;
			productReference = 7810142F2B9C299C002466B3 /* TodoItemsUITests.xctest */;
			productType = "com.apple.product-type.bundle.ui-testing";
		};
/* End PBXNativeTarget section */

/* Begin PBXProject section */
		7810140D2B9C2999002466B3 /* Project object */ = {
			isa = PBXProject;
			attributes = {
				BuildIndependentTargetsInParallel = 1;
				LastSwiftUpdateCheck = 1520;
				LastUpgradeCheck = 1520;
				TargetAttributes = {
					781014142B9C2999002466B3 = {
						CreatedOnToolsVersion = 15.2;
					};
					781014242B9C299C002466B3 = {
						CreatedOnToolsVersion = 15.2;
						TestTargetID = 781014142B9C2999002466B3;
					};
					7810142E2B9C299C002466B3 = {
						CreatedOnToolsVersion = 15.2;
						TestTargetID = 781014142B9C2999002466B3;
					};
				};
			};
			buildConfigurationList = 781014102B9C2999002466B3 /* Build configuration list for PBXProject "TodoItems" */;
			compatibilityVersion = "Xcode 14.0";
			developmentRegion = en;
			hasScannedForEncodings = 0;
			knownRegions = (
				en,
				Base,
			);
			mainGroup = 7810140C2B9C2999002466B3;
			productRefGroup = 781014162B9C2999002466B3 /* Products */;
			projectDirPath = "";
			projectRoot = "";
			targets = (
				781014142B9C2999002466B3 /* TodoItems */,
				781014242B9C299C002466B3 /* TodoItemsTests */,
				7810142E2B9C299C002466B3 /* TodoItemsUITests */,
			);
		};
/* End PBXProject section */

/* Begin PBXResourcesBuildPhase section */
		781014132B9C2999002466B3 /* Resources */ = {
			isa = PBXResourcesBuildPhase;
			buildActionMask = 2147483647;
			files = (
				781014202B9C299C002466B3 /* Preview Assets.xcassets in Resources */,
				7810141D2B9C299C002466B3 /* Assets.xcassets in Resources */,
			);
			runOnlyForDeploymentPostprocessing = 0;
		};
		781014232B9C299C002466B3 /* Resources */ = {
			isa = PBXResourcesBuildPhase;
			buildActionMask = 2147483647;
			files = (
			);
			runOnlyForDeploymentPostprocessing = 0;
		};
		7810142D2B9C299C002466B3 /* Resources */ = {
			isa = PBXResourcesBuildPhase;
			buildActionMask = 2147483647;
			files = (
			);
			runOnlyForDeploymentPostprocessing = 0;
		};
/* End PBXResourcesBuildPhase section */

/* Begin PBXSourcesBuildPhase section */
		781014112B9C2999002466B3 /* Sources */ = {
			isa = PBXSourcesBuildPhase;
			buildActionMask = 2147483647;
			files = (
				785F3BA72B9D37470017F747 /* CheckboxStyles.swift in Sources */,
				781014192B9C2999002466B3 /* TodoItemsApp.swift in Sources */,
				785F3BA12B9CFEE70017F747 /* DatePickerStyles.swift in Sources */,
				785F3B9D2B9CF2EF0017F747 /* ButtonStyles.swift in Sources */,
				785F3B9F2B9CFC8A0017F747 /* TextFieldWithLabel.swift in Sources */,
				785F3BA32B9D2F1E0017F747 /* NewItemSheetView.swift in Sources */,
				7810144A2B9C3465002466B3 /* EditingItemView.swift in Sources */,
				7810144E2B9C3A8A002466B3 /* TodoItem.swift in Sources */,
				781014452B9C2AF0002466B3 /* TodoItemsView.swift in Sources */,
				785F3BA52B9D34640017F747 /* AddEditItemView.swift in Sources */,
			);
			runOnlyForDeploymentPostprocessing = 0;
		};
		781014212B9C299C002466B3 /* Sources */ = {
			isa = PBXSourcesBuildPhase;
			buildActionMask = 2147483647;
			files = (
				7810142A2B9C299C002466B3 /* TodoItemsTests.swift in Sources */,
			);
			runOnlyForDeploymentPostprocessing = 0;
		};
		7810142B2B9C299C002466B3 /* Sources */ = {
			isa = PBXSourcesBuildPhase;
			buildActionMask = 2147483647;
			files = (
				781014342B9C299C002466B3 /* TodoItemsUITests.swift in Sources */,
				781014362B9C299C002466B3 /* TodoItemsUITestsLaunchTests.swift in Sources */,
			);
			runOnlyForDeploymentPostprocessing = 0;
		};
/* End PBXSourcesBuildPhase section */

/* Begin PBXTargetDependency section */
		781014272B9C299C002466B3 /* PBXTargetDependency */ = {
			isa = PBXTargetDependency;
			target = 781014142B9C2999002466B3 /* TodoItems */;
			targetProxy = 781014262B9C299C002466B3 /* PBXContainerItemProxy */;
		};
		781014312B9C299C002466B3 /* PBXTargetDependency */ = {
			isa = PBXTargetDependency;
			target = 781014142B9C2999002466B3 /* TodoItems */;
			targetProxy = 781014302B9C299C002466B3 /* PBXContainerItemProxy */;
		};
/* End PBXTargetDependency section */

/* Begin XCBuildConfiguration section */
		781014372B9C299C002466B3 /* Debug */ = {
			isa = XCBuildConfiguration;
			buildSettings = {
				ALWAYS_SEARCH_USER_PATHS = NO;
				ASSETCATALOG_COMPILER_GENERATE_SWIFT_ASSET_SYMBOL_EXTENSIONS = YES;
				CLANG_ANALYZER_NONNULL = YES;
				CLANG_ANALYZER_NUMBER_OBJECT_CONVERSION = YES_AGGRESSIVE;
				CLANG_CXX_LANGUAGE_STANDARD = "gnu++20";
				CLANG_ENABLE_MODULES = YES;
				CLANG_ENABLE_OBJC_ARC = YES;
				CLANG_ENABLE_OBJC_WEAK = YES;
				CLANG_WARN_BLOCK_CAPTURE_AUTORELEASING = YES;
				CLANG_WARN_BOOL_CONVERSION = YES;
				CLANG_WARN_COMMA = YES;
				CLANG_WARN_CONSTANT_CONVERSION = YES;
				CLANG_WARN_DEPRECATED_OBJC_IMPLEMENTATIONS = YES;
				CLANG_WARN_DIRECT_OBJC_ISA_USAGE = YES_ERROR;
				CLANG_WARN_DOCUMENTATION_COMMENTS = YES;
				CLANG_WARN_EMPTY_BODY = YES;
				CLANG_WARN_ENUM_CONVERSION = YES;
				CLANG_WARN_INFINITE_RECURSION = YES;
				CLANG_WARN_INT_CONVERSION = YES;
				CLANG_WARN_NON_LITERAL_NULL_CONVERSION = YES;
				CLANG_WARN_OBJC_IMPLICIT_RETAIN_SELF = YES;
				CLANG_WARN_OBJC_LITERAL_CONVERSION = YES;
				CLANG_WARN_OBJC_ROOT_CLASS = YES_ERROR;
				CLANG_WARN_QUOTED_INCLUDE_IN_FRAMEWORK_HEADER = YES;
				CLANG_WARN_RANGE_LOOP_ANALYSIS = YES;
				CLANG_WARN_STRICT_PROTOTYPES = YES;
				CLANG_WARN_SUSPICIOUS_MOVE = YES;
				CLANG_WARN_UNGUARDED_AVAILABILITY = YES_AGGRESSIVE;
				CLANG_WARN_UNREACHABLE_CODE = YES;
				CLANG_WARN__DUPLICATE_METHOD_MATCH = YES;
				COPY_PHASE_STRIP = NO;
				DEBUG_INFORMATION_FORMAT = dwarf;
				ENABLE_STRICT_OBJC_MSGSEND = YES;
				ENABLE_TESTABILITY = YES;
				ENABLE_USER_SCRIPT_SANDBOXING = YES;
				GCC_C_LANGUAGE_STANDARD = gnu17;
				GCC_DYNAMIC_NO_PIC = NO;
				GCC_NO_COMMON_BLOCKS = YES;
				GCC_OPTIMIZATION_LEVEL = 0;
				GCC_PREPROCESSOR_DEFINITIONS = (
					"DEBUG=1",
					"$(inherited)",
				);
				GCC_WARN_64_TO_32_BIT_CONVERSION = YES;
				GCC_WARN_ABOUT_RETURN_TYPE = YES_ERROR;
				GCC_WARN_UNDECLARED_SELECTOR = YES;
				GCC_WARN_UNINITIALIZED_AUTOS = YES_AGGRESSIVE;
				GCC_WARN_UNUSED_FUNCTION = YES;
				GCC_WARN_UNUSED_VARIABLE = YES;
				IPHONEOS_DEPLOYMENT_TARGET = 17.2;
				LOCALIZATION_PREFERS_STRING_CATALOGS = YES;
				MTL_ENABLE_DEBUG_INFO = INCLUDE_SOURCE;
				MTL_FAST_MATH = YES;
				ONLY_ACTIVE_ARCH = YES;
				SDKROOT = iphoneos;
				SWIFT_ACTIVE_COMPILATION_CONDITIONS = "DEBUG $(inherited)";
				SWIFT_OPTIMIZATION_LEVEL = "-Onone";
			};
			name = Debug;
		};
		781014382B9C299C002466B3 /* Release */ = {
			isa = XCBuildConfiguration;
			buildSettings = {
				ALWAYS_SEARCH_USER_PATHS = NO;
				ASSETCATALOG_COMPILER_GENERATE_SWIFT_ASSET_SYMBOL_EXTENSIONS = YES;
				CLANG_ANALYZER_NONNULL = YES;
				CLANG_ANALYZER_NUMBER_OBJECT_CONVERSION = YES_AGGRESSIVE;
				CLANG_CXX_LANGUAGE_STANDARD = "gnu++20";
				CLANG_ENABLE_MODULES = YES;
				CLANG_ENABLE_OBJC_ARC = YES;
				CLANG_ENABLE_OBJC_WEAK = YES;
				CLANG_WARN_BLOCK_CAPTURE_AUTORELEASING = YES;
				CLANG_WARN_BOOL_CONVERSION = YES;
				CLANG_WARN_COMMA = YES;
				CLANG_WARN_CONSTANT_CONVERSION = YES;
				CLANG_WARN_DEPRECATED_OBJC_IMPLEMENTATIONS = YES;
				CLANG_WARN_DIRECT_OBJC_ISA_USAGE = YES_ERROR;
				CLANG_WARN_DOCUMENTATION_COMMENTS = YES;
				CLANG_WARN_EMPTY_BODY = YES;
				CLANG_WARN_ENUM_CONVERSION = YES;
				CLANG_WARN_INFINITE_RECURSION = YES;
				CLANG_WARN_INT_CONVERSION = YES;
				CLANG_WARN_NON_LITERAL_NULL_CONVERSION = YES;
				CLANG_WARN_OBJC_IMPLICIT_RETAIN_SELF = YES;
				CLANG_WARN_OBJC_LITERAL_CONVERSION = YES;
				CLANG_WARN_OBJC_ROOT_CLASS = YES_ERROR;
				CLANG_WARN_QUOTED_INCLUDE_IN_FRAMEWORK_HEADER = YES;
				CLANG_WARN_RANGE_LOOP_ANALYSIS = YES;
				CLANG_WARN_STRICT_PROTOTYPES = YES;
				CLANG_WARN_SUSPICIOUS_MOVE = YES;
				CLANG_WARN_UNGUARDED_AVAILABILITY = YES_AGGRESSIVE;
				CLANG_WARN_UNREACHABLE_CODE = YES;
				CLANG_WARN__DUPLICATE_METHOD_MATCH = YES;
				COPY_PHASE_STRIP = NO;
				DEBUG_INFORMATION_FORMAT = "dwarf-with-dsym";
				ENABLE_NS_ASSERTIONS = NO;
				ENABLE_STRICT_OBJC_MSGSEND = YES;
				ENABLE_USER_SCRIPT_SANDBOXING = YES;
				GCC_C_LANGUAGE_STANDARD = gnu17;
				GCC_NO_COMMON_BLOCKS = YES;
				GCC_WARN_64_TO_32_BIT_CONVERSION = YES;
				GCC_WARN_ABOUT_RETURN_TYPE = YES_ERROR;
				GCC_WARN_UNDECLARED_SELECTOR = YES;
				GCC_WARN_UNINITIALIZED_AUTOS = YES_AGGRESSIVE;
				GCC_WARN_UNUSED_FUNCTION = YES;
				GCC_WARN_UNUSED_VARIABLE = YES;
				IPHONEOS_DEPLOYMENT_TARGET = 17.2;
				LOCALIZATION_PREFERS_STRING_CATALOGS = YES;
				MTL_ENABLE_DEBUG_INFO = NO;
				MTL_FAST_MATH = YES;
				SDKROOT = iphoneos;
				SWIFT_COMPILATION_MODE = wholemodule;
				VALIDATE_PRODUCT = YES;
			};
			name = Release;
		};
		7810143A2B9C299C002466B3 /* Debug */ = {
			isa = XCBuildConfiguration;
			buildSettings = {
				ASSETCATALOG_COMPILER_APPICON_NAME = AppIcon;
				ASSETCATALOG_COMPILER_GLOBAL_ACCENT_COLOR_NAME = AccentColor;
				CODE_SIGN_STYLE = Automatic;
				CURRENT_PROJECT_VERSION = 1;
				DEVELOPMENT_ASSET_PATHS = "\"TodoItems/Preview Content\"";
				ENABLE_PREVIEWS = YES;
				GENERATE_INFOPLIST_FILE = YES;
				INFOPLIST_KEY_UIApplicationSceneManifest_Generation = YES;
				INFOPLIST_KEY_UIApplicationSupportsIndirectInputEvents = YES;
				INFOPLIST_KEY_UILaunchScreen_Generation = YES;
				INFOPLIST_KEY_UISupportedInterfaceOrientations_iPad = "UIInterfaceOrientationPortrait UIInterfaceOrientationPortraitUpsideDown UIInterfaceOrientationLandscapeLeft UIInterfaceOrientationLandscapeRight";
				INFOPLIST_KEY_UISupportedInterfaceOrientations_iPhone = "UIInterfaceOrientationPortrait UIInterfaceOrientationLandscapeLeft UIInterfaceOrientationLandscapeRight";
				LD_RUNPATH_SEARCH_PATHS = (
					"$(inherited)",
					"@executable_path/Frameworks",
				);
				MARKETING_VERSION = 1.0;
				PRODUCT_BUNDLE_IDENTIFIER = map08.TodoItems;
				PRODUCT_NAME = "$(TARGET_NAME)";
				SWIFT_EMIT_LOC_STRINGS = YES;
				SWIFT_VERSION = 5.0;
				TARGETED_DEVICE_FAMILY = "1,2";
			};
			name = Debug;
		};
		7810143B2B9C299C002466B3 /* Release */ = {
			isa = XCBuildConfiguration;
			buildSettings = {
				ASSETCATALOG_COMPILER_APPICON_NAME = AppIcon;
				ASSETCATALOG_COMPILER_GLOBAL_ACCENT_COLOR_NAME = AccentColor;
				CODE_SIGN_STYLE = Automatic;
				CURRENT_PROJECT_VERSION = 1;
				DEVELOPMENT_ASSET_PATHS = "\"TodoItems/Preview Content\"";
				ENABLE_PREVIEWS = YES;
				GENERATE_INFOPLIST_FILE = YES;
				INFOPLIST_KEY_UIApplicationSceneManifest_Generation = YES;
				INFOPLIST_KEY_UIApplicationSupportsIndirectInputEvents = YES;
				INFOPLIST_KEY_UILaunchScreen_Generation = YES;
				INFOPLIST_KEY_UISupportedInterfaceOrientations_iPad = "UIInterfaceOrientationPortrait UIInterfaceOrientationPortraitUpsideDown UIInterfaceOrientationLandscapeLeft UIInterfaceOrientationLandscapeRight";
				INFOPLIST_KEY_UISupportedInterfaceOrientations_iPhone = "UIInterfaceOrientationPortrait UIInterfaceOrientationLandscapeLeft UIInterfaceOrientationLandscapeRight";
				LD_RUNPATH_SEARCH_PATHS = (
					"$(inherited)",
					"@executable_path/Frameworks",
				);
				MARKETING_VERSION = 1.0;
				PRODUCT_BUNDLE_IDENTIFIER = map08.TodoItems;
				PRODUCT_NAME = "$(TARGET_NAME)";
				SWIFT_EMIT_LOC_STRINGS = YES;
				SWIFT_VERSION = 5.0;
				TARGETED_DEVICE_FAMILY = "1,2";
			};
			name = Release;
		};
		7810143D2B9C299C002466B3 /* Debug */ = {
			isa = XCBuildConfiguration;
			buildSettings = {
				ALWAYS_EMBED_SWIFT_STANDARD_LIBRARIES = YES;
				BUNDLE_LOADER = "$(TEST_HOST)";
				CODE_SIGN_STYLE = Automatic;
				CURRENT_PROJECT_VERSION = 1;
				GENERATE_INFOPLIST_FILE = YES;
				IPHONEOS_DEPLOYMENT_TARGET = 17.2;
				MARKETING_VERSION = 1.0;
				PRODUCT_BUNDLE_IDENTIFIER = map08.TodoItemsTests;
				PRODUCT_NAME = "$(TARGET_NAME)";
				SWIFT_EMIT_LOC_STRINGS = NO;
				SWIFT_VERSION = 5.0;
				TARGETED_DEVICE_FAMILY = "1,2";
				TEST_HOST = "$(BUILT_PRODUCTS_DIR)/TodoItems.app/$(BUNDLE_EXECUTABLE_FOLDER_PATH)/TodoItems";
			};
			name = Debug;
		};
		7810143E2B9C299C002466B3 /* Release */ = {
			isa = XCBuildConfiguration;
			buildSettings = {
				ALWAYS_EMBED_SWIFT_STANDARD_LIBRARIES = YES;
				BUNDLE_LOADER = "$(TEST_HOST)";
				CODE_SIGN_STYLE = Automatic;
				CURRENT_PROJECT_VERSION = 1;
				GENERATE_INFOPLIST_FILE = YES;
				IPHONEOS_DEPLOYMENT_TARGET = 17.2;
				MARKETING_VERSION = 1.0;
				PRODUCT_BUNDLE_IDENTIFIER = map08.TodoItemsTests;
				PRODUCT_NAME = "$(TARGET_NAME)";
				SWIFT_EMIT_LOC_STRINGS = NO;
				SWIFT_VERSION = 5.0;
				TARGETED_DEVICE_FAMILY = "1,2";
				TEST_HOST = "$(BUILT_PRODUCTS_DIR)/TodoItems.app/$(BUNDLE_EXECUTABLE_FOLDER_PATH)/TodoItems";
			};
			name = Release;
		};
		781014402B9C299C002466B3 /* Debug */ = {
			isa = XCBuildConfiguration;
			buildSettings = {
				ALWAYS_EMBED_SWIFT_STANDARD_LIBRARIES = YES;
				CODE_SIGN_STYLE = Automatic;
				CURRENT_PROJECT_VERSION = 1;
				GENERATE_INFOPLIST_FILE = YES;
				MARKETING_VERSION = 1.0;
				PRODUCT_BUNDLE_IDENTIFIER = map08.TodoItemsUITests;
				PRODUCT_NAME = "$(TARGET_NAME)";
				SWIFT_EMIT_LOC_STRINGS = NO;
				SWIFT_VERSION = 5.0;
				TARGETED_DEVICE_FAMILY = "1,2";
				TEST_TARGET_NAME = TodoItems;
			};
			name = Debug;
		};
		781014412B9C299C002466B3 /* Release */ = {
			isa = XCBuildConfiguration;
			buildSettings = {
				ALWAYS_EMBED_SWIFT_STANDARD_LIBRARIES = YES;
				CODE_SIGN_STYLE = Automatic;
				CURRENT_PROJECT_VERSION = 1;
				GENERATE_INFOPLIST_FILE = YES;
				MARKETING_VERSION = 1.0;
				PRODUCT_BUNDLE_IDENTIFIER = map08.TodoItemsUITests;
				PRODUCT_NAME = "$(TARGET_NAME)";
				SWIFT_EMIT_LOC_STRINGS = NO;
				SWIFT_VERSION = 5.0;
				TARGETED_DEVICE_FAMILY = "1,2";
				TEST_TARGET_NAME = TodoItems;
			};
			name = Release;
		};
/* End XCBuildConfiguration section */

/* Begin XCConfigurationList section */
		781014102B9C2999002466B3 /* Build configuration list for PBXProject "TodoItems" */ = {
			isa = XCConfigurationList;
			buildConfigurations = (
				781014372B9C299C002466B3 /* Debug */,
				781014382B9C299C002466B3 /* Release */,
			);
			defaultConfigurationIsVisible = 0;
			defaultConfigurationName = Release;
		};
		781014392B9C299C002466B3 /* Build configuration list for PBXNativeTarget "TodoItems" */ = {
			isa = XCConfigurationList;
			buildConfigurations = (
				7810143A2B9C299C002466B3 /* Debug */,
				7810143B2B9C299C002466B3 /* Release */,
			);
			defaultConfigurationIsVisible = 0;
			defaultConfigurationName = Release;
		};
		7810143C2B9C299C002466B3 /* Build configuration list for PBXNativeTarget "TodoItemsTests" */ = {
			isa = XCConfigurationList;
			buildConfigurations = (
				7810143D2B9C299C002466B3 /* Debug */,
				7810143E2B9C299C002466B3 /* Release */,
			);
			defaultConfigurationIsVisible = 0;
			defaultConfigurationName = Release;
		};
		7810143F2B9C299C002466B3 /* Build configuration list for PBXNativeTarget "TodoItemsUITests" */ = {
			isa = XCConfigurationList;
			buildConfigurations = (
				781014402B9C299C002466B3 /* Debug */,
				781014412B9C299C002466B3 /* Release */,
			);
			defaultConfigurationIsVisible = 0;
			defaultConfigurationName = Release;
		};
/* End XCConfigurationList section */
	};
	rootObject = 7810140D2B9C2999002466B3 /* Project object */;
}
